// !$*UTF8*$!
{
	archiveVersion = 1;
	classes = {
	};
	objectVersion = 46;
	objects = {

/* Begin PBXBuildFile section */
		2FAB6C38194ACC3A00617160 /* Parse.framework in Frameworks */ = {isa = PBXBuildFile; fileRef = 2FAB6C37194ACC3A00617160 /* Parse.framework */; };
		2FAB6C3A194ACC7100617160 /* AudioToolbox.framework in Frameworks */ = {isa = PBXBuildFile; fileRef = 2FAB6C39194ACC7100617160 /* AudioToolbox.framework */; };
		2FAB6C3C194ACC7600617160 /* CFNetwork.framework in Frameworks */ = {isa = PBXBuildFile; fileRef = 2FAB6C3B194ACC7600617160 /* CFNetwork.framework */; };
		2FAB6C3E194ACC8800617160 /* CoreLocation.framework in Frameworks */ = {isa = PBXBuildFile; fileRef = 2FAB6C3D194ACC8800617160 /* CoreLocation.framework */; };
		2FAB6C40194ACC9200617160 /* libz.dylib in Frameworks */ = {isa = PBXBuildFile; fileRef = 2FAB6C3F194ACC9200617160 /* libz.dylib */; };
		2FAB6C42194ACC9B00617160 /* MobileCoreServices.framework in Frameworks */ = {isa = PBXBuildFile; fileRef = 2FAB6C41194ACC9B00617160 /* MobileCoreServices.framework */; };
		2FAB6C44194ACCA400617160 /* QuartzCore.framework in Frameworks */ = {isa = PBXBuildFile; fileRef = 2FAB6C43194ACCA300617160 /* QuartzCore.framework */; };
		2FAB6C46194ACCAC00617160 /* Security.framework in Frameworks */ = {isa = PBXBuildFile; fileRef = 2FAB6C45194ACCAC00617160 /* Security.framework */; };
		2FAB6C48194ACCB200617160 /* StoreKit.framework in Frameworks */ = {isa = PBXBuildFile; fileRef = 2FAB6C47194ACCB200617160 /* StoreKit.framework */; };
		2FAB6C4A194ACCBC00617160 /* SystemConfiguration.framework in Frameworks */ = {isa = PBXBuildFile; fileRef = 2FAB6C49194ACCBC00617160 /* SystemConfiguration.framework */; };
		2FAB6C50194ADA6C00617160 /* GiftListItem.m in Sources */ = {isa = PBXBuildFile; fileRef = 2FAB6C4F194ADA6C00617160 /* GiftListItem.m */; };
		2FECA3F0194A03A600F0224C /* Foundation.framework in Frameworks */ = {isa = PBXBuildFile; fileRef = 2FECA3EF194A03A600F0224C /* Foundation.framework */; };
		2FECA3F2194A03A600F0224C /* CoreGraphics.framework in Frameworks */ = {isa = PBXBuildFile; fileRef = 2FECA3F1194A03A600F0224C /* CoreGraphics.framework */; };
		2FECA3F4194A03A600F0224C /* UIKit.framework in Frameworks */ = {isa = PBXBuildFile; fileRef = 2FECA3F3194A03A600F0224C /* UIKit.framework */; };
		2FECA3FA194A03A600F0224C /* InfoPlist.strings in Resources */ = {isa = PBXBuildFile; fileRef = 2FECA3F8194A03A600F0224C /* InfoPlist.strings */; };
		2FECA3FC194A03A600F0224C /* main.m in Sources */ = {isa = PBXBuildFile; fileRef = 2FECA3FB194A03A600F0224C /* main.m */; };
		2FECA400194A03A600F0224C /* GLAppDelegate.m in Sources */ = {isa = PBXBuildFile; fileRef = 2FECA3FF194A03A600F0224C /* GLAppDelegate.m */; };
		2FECA403194A03A600F0224C /* Main.storyboard in Resources */ = {isa = PBXBuildFile; fileRef = 2FECA401194A03A600F0224C /* Main.storyboard */; };
		2FECA406194A03A600F0224C /* GLBrowseVC.m in Sources */ = {isa = PBXBuildFile; fileRef = 2FECA405194A03A600F0224C /* GLBrowseVC.m */; };
		2FECA40B194A03A600F0224C /* Images.xcassets in Resources */ = {isa = PBXBuildFile; fileRef = 2FECA40A194A03A600F0224C /* Images.xcassets */; };
		2FECA412194A03A600F0224C /* XCTest.framework in Frameworks */ = {isa = PBXBuildFile; fileRef = 2FECA411194A03A600F0224C /* XCTest.framework */; };
		2FECA413194A03A600F0224C /* Foundation.framework in Frameworks */ = {isa = PBXBuildFile; fileRef = 2FECA3EF194A03A600F0224C /* Foundation.framework */; };
		2FECA414194A03A600F0224C /* UIKit.framework in Frameworks */ = {isa = PBXBuildFile; fileRef = 2FECA3F3194A03A600F0224C /* UIKit.framework */; };
		2FECA41C194A03A600F0224C /* InfoPlist.strings in Resources */ = {isa = PBXBuildFile; fileRef = 2FECA41A194A03A600F0224C /* InfoPlist.strings */; };
		2FECA41E194A03A600F0224C /* GiftListTests.m in Sources */ = {isa = PBXBuildFile; fileRef = 2FECA41D194A03A600F0224C /* GiftListTests.m */; };
		2FECA429194A97D600F0224C /* GLTableViewCell.m in Sources */ = {isa = PBXBuildFile; fileRef = 2FECA428194A97D600F0224C /* GLTableViewCell.m */; };
		2FECA42C194A9ABE00F0224C /* GLTableViewController.m in Sources */ = {isa = PBXBuildFile; fileRef = 2FECA42B194A9ABE00F0224C /* GLTableViewController.m */; };
		2FECA42E194AA1D900F0224C /* CoreData.framework in Frameworks */ = {isa = PBXBuildFile; fileRef = 2FECA42D194AA1D900F0224C /* CoreData.framework */; };
		2FECA431194AA2B700F0224C /* GLModel.xcdatamodeld in Sources */ = {isa = PBXBuildFile; fileRef = 2FECA42F194AA2B700F0224C /* GLModel.xcdatamodeld */; };
		2FECA487194AB9EF00F0224C /* GiftListItem+GL.m in Sources */ = {isa = PBXBuildFile; fileRef = 2FECA486194AB9EF00F0224C /* GiftListItem+GL.m */; };
		2FFB91E31957CC38005CF44F /* FacebookSDK.framework in Frameworks */ = {isa = PBXBuildFile; fileRef = 2FFB91E21957CC38005CF44F /* FacebookSDK.framework */; };
		2FFB91E61957CFB8005CF44F /* GLLoginViewController.m in Sources */ = {isa = PBXBuildFile; fileRef = 2FFB91E51957CFB8005CF44F /* GLLoginViewController.m */; };
/* End PBXBuildFile section */

/* Begin PBXContainerItemProxy section */
		2FECA415194A03A600F0224C /* PBXContainerItemProxy */ = {
			isa = PBXContainerItemProxy;
			containerPortal = 2FECA3E4194A03A600F0224C /* Project object */;
			proxyType = 1;
			remoteGlobalIDString = 2FECA3EB194A03A600F0224C;
			remoteInfo = GiftList;
		};
/* End PBXContainerItemProxy section */

/* Begin PBXFileReference section */
		2FAB6C37194ACC3A00617160 /* Parse.framework */ = {isa = PBXFileReference; lastKnownFileType = wrapper.framework; path = Parse.framework; sourceTree = "<group>"; };
		2FAB6C39194ACC7100617160 /* AudioToolbox.framework */ = {isa = PBXFileReference; lastKnownFileType = wrapper.framework; name = AudioToolbox.framework; path = System/Library/Frameworks/AudioToolbox.framework; sourceTree = SDKROOT; };
		2FAB6C3B194ACC7600617160 /* CFNetwork.framework */ = {isa = PBXFileReference; lastKnownFileType = wrapper.framework; name = CFNetwork.framework; path = System/Library/Frameworks/CFNetwork.framework; sourceTree = SDKROOT; };
		2FAB6C3D194ACC8800617160 /* CoreLocation.framework */ = {isa = PBXFileReference; lastKnownFileType = wrapper.framework; name = CoreLocation.framework; path = System/Library/Frameworks/CoreLocation.framework; sourceTree = SDKROOT; };
		2FAB6C3F194ACC9200617160 /* libz.dylib */ = {isa = PBXFileReference; lastKnownFileType = "compiled.mach-o.dylib"; name = libz.dylib; path = usr/lib/libz.dylib; sourceTree = SDKROOT; };
		2FAB6C41194ACC9B00617160 /* MobileCoreServices.framework */ = {isa = PBXFileReference; lastKnownFileType = wrapper.framework; name = MobileCoreServices.framework; path = System/Library/Frameworks/MobileCoreServices.framework; sourceTree = SDKROOT; };
		2FAB6C43194ACCA300617160 /* QuartzCore.framework */ = {isa = PBXFileReference; lastKnownFileType = wrapper.framework; name = QuartzCore.framework; path = System/Library/Frameworks/QuartzCore.framework; sourceTree = SDKROOT; };
		2FAB6C45194ACCAC00617160 /* Security.framework */ = {isa = PBXFileReference; lastKnownFileType = wrapper.framework; name = Security.framework; path = System/Library/Frameworks/Security.framework; sourceTree = SDKROOT; };
		2FAB6C47194ACCB200617160 /* StoreKit.framework */ = {isa = PBXFileReference; lastKnownFileType = wrapper.framework; name = StoreKit.framework; path = System/Library/Frameworks/StoreKit.framework; sourceTree = SDKROOT; };
		2FAB6C49194ACCBC00617160 /* SystemConfiguration.framework */ = {isa = PBXFileReference; lastKnownFileType = wrapper.framework; name = SystemConfiguration.framework; path = System/Library/Frameworks/SystemConfiguration.framework; sourceTree = SDKROOT; };
		2FAB6C4E194ADA6C00617160 /* GiftListItem.h */ = {isa = PBXFileReference; fileEncoding = 4; lastKnownFileType = sourcecode.c.h; path = GiftListItem.h; sourceTree = "<group>"; };
		2FAB6C4F194ADA6C00617160 /* GiftListItem.m */ = {isa = PBXFileReference; fileEncoding = 4; lastKnownFileType = sourcecode.c.objc; path = GiftListItem.m; sourceTree = "<group>"; };
		2FECA3EC194A03A600F0224C /* GiftList.app */ = {isa = PBXFileReference; explicitFileType = wrapper.application; includeInIndex = 0; path = GiftList.app; sourceTree = BUILT_PRODUCTS_DIR; };
		2FECA3EF194A03A600F0224C /* Foundation.framework */ = {isa = PBXFileReference; lastKnownFileType = wrapper.framework; name = Foundation.framework; path = System/Library/Frameworks/Foundation.framework; sourceTree = SDKROOT; };
		2FECA3F1194A03A600F0224C /* CoreGraphics.framework */ = {isa = PBXFileReference; lastKnownFileType = wrapper.framework; name = CoreGraphics.framework; path = System/Library/Frameworks/CoreGraphics.framework; sourceTree = SDKROOT; };
		2FECA3F3194A03A600F0224C /* UIKit.framework */ = {isa = PBXFileReference; lastKnownFileType = wrapper.framework; name = UIKit.framework; path = System/Library/Frameworks/UIKit.framework; sourceTree = SDKROOT; };
		2FECA3F7194A03A600F0224C /* GiftList-Info.plist */ = {isa = PBXFileReference; lastKnownFileType = text.plist.xml; path = "GiftList-Info.plist"; sourceTree = "<group>"; };
		2FECA3F9194A03A600F0224C /* en */ = {isa = PBXFileReference; lastKnownFileType = text.plist.strings; name = en; path = en.lproj/InfoPlist.strings; sourceTree = "<group>"; };
		2FECA3FB194A03A600F0224C /* main.m */ = {isa = PBXFileReference; lastKnownFileType = sourcecode.c.objc; path = main.m; sourceTree = "<group>"; };
		2FECA3FD194A03A600F0224C /* GiftList-Prefix.pch */ = {isa = PBXFileReference; lastKnownFileType = sourcecode.c.h; path = "GiftList-Prefix.pch"; sourceTree = "<group>"; };
		2FECA3FE194A03A600F0224C /* GLAppDelegate.h */ = {isa = PBXFileReference; lastKnownFileType = sourcecode.c.h; path = GLAppDelegate.h; sourceTree = "<group>"; };
		2FECA3FF194A03A600F0224C /* GLAppDelegate.m */ = {isa = PBXFileReference; lastKnownFileType = sourcecode.c.objc; path = GLAppDelegate.m; sourceTree = "<group>"; };
		2FECA402194A03A600F0224C /* Base */ = {isa = PBXFileReference; lastKnownFileType = file.storyboard; name = Base; path = Base.lproj/Main.storyboard; sourceTree = "<group>"; };
		2FECA404194A03A600F0224C /* GLBrowseVC.h */ = {isa = PBXFileReference; lastKnownFileType = sourcecode.c.h; path = GLBrowseVC.h; sourceTree = "<group>"; };
		2FECA405194A03A600F0224C /* GLBrowseVC.m */ = {isa = PBXFileReference; lastKnownFileType = sourcecode.c.objc; path = GLBrowseVC.m; sourceTree = "<group>"; };
		2FECA40A194A03A600F0224C /* Images.xcassets */ = {isa = PBXFileReference; lastKnownFileType = folder.assetcatalog; path = Images.xcassets; sourceTree = "<group>"; };
		2FECA410194A03A600F0224C /* GiftListTests.xctest */ = {isa = PBXFileReference; explicitFileType = wrapper.cfbundle; includeInIndex = 0; path = GiftListTests.xctest; sourceTree = BUILT_PRODUCTS_DIR; };
		2FECA411194A03A600F0224C /* XCTest.framework */ = {isa = PBXFileReference; lastKnownFileType = wrapper.framework; name = XCTest.framework; path = Library/Frameworks/XCTest.framework; sourceTree = DEVELOPER_DIR; };
		2FECA419194A03A600F0224C /* GiftListTests-Info.plist */ = {isa = PBXFileReference; lastKnownFileType = text.plist.xml; path = "GiftListTests-Info.plist"; sourceTree = "<group>"; };
		2FECA41B194A03A600F0224C /* en */ = {isa = PBXFileReference; lastKnownFileType = text.plist.strings; name = en; path = en.lproj/InfoPlist.strings; sourceTree = "<group>"; };
		2FECA41D194A03A600F0224C /* GiftListTests.m */ = {isa = PBXFileReference; lastKnownFileType = sourcecode.c.objc; path = GiftListTests.m; sourceTree = "<group>"; };
		2FECA427194A97D600F0224C /* GLTableViewCell.h */ = {isa = PBXFileReference; fileEncoding = 4; lastKnownFileType = sourcecode.c.h; path = GLTableViewCell.h; sourceTree = "<group>"; };
		2FECA428194A97D600F0224C /* GLTableViewCell.m */ = {isa = PBXFileReference; fileEncoding = 4; lastKnownFileType = sourcecode.c.objc; path = GLTableViewCell.m; sourceTree = "<group>"; };
		2FECA42A194A9ABE00F0224C /* GLTableViewController.h */ = {isa = PBXFileReference; fileEncoding = 4; lastKnownFileType = sourcecode.c.h; path = GLTableViewController.h; sourceTree = "<group>"; };
		2FECA42B194A9ABE00F0224C /* GLTableViewController.m */ = {isa = PBXFileReference; fileEncoding = 4; lastKnownFileType = sourcecode.c.objc; path = GLTableViewController.m; sourceTree = "<group>"; };
		2FECA42D194AA1D900F0224C /* CoreData.framework */ = {isa = PBXFileReference; lastKnownFileType = wrapper.framework; name = CoreData.framework; path = System/Library/Frameworks/CoreData.framework; sourceTree = SDKROOT; };
		2FECA430194AA2B700F0224C /* GLModel.xcdatamodel */ = {isa = PBXFileReference; lastKnownFileType = wrapper.xcdatamodel; path = GLModel.xcdatamodel; sourceTree = "<group>"; };
		2FECA485194AB9EF00F0224C /* GiftListItem+GL.h */ = {isa = PBXFileReference; fileEncoding = 4; lastKnownFileType = sourcecode.c.h; path = "GiftListItem+GL.h"; sourceTree = "<group>"; };
		2FECA486194AB9EF00F0224C /* GiftListItem+GL.m */ = {isa = PBXFileReference; fileEncoding = 4; lastKnownFileType = sourcecode.c.objc; path = "GiftListItem+GL.m"; sourceTree = "<group>"; };
		2FFB91E21957CC38005CF44F /* FacebookSDK.framework */ = {isa = PBXFileReference; lastKnownFileType = wrapper.framework; name = FacebookSDK.framework; path = ../../Documents/FacebookSDK/FacebookSDK.framework; sourceTree = "<group>"; };
		2FFB91E41957CFB8005CF44F /* GLLoginViewController.h */ = {isa = PBXFileReference; fileEncoding = 4; lastKnownFileType = sourcecode.c.h; path = GLLoginViewController.h; sourceTree = "<group>"; };
		2FFB91E51957CFB8005CF44F /* GLLoginViewController.m */ = {isa = PBXFileReference; fileEncoding = 4; lastKnownFileType = sourcecode.c.objc; path = GLLoginViewController.m; sourceTree = "<group>"; };
/* End PBXFileReference section */

/* Begin PBXFrameworksBuildPhase section */
		2FECA3E9194A03A600F0224C /* Frameworks */ = {
			isa = PBXFrameworksBuildPhase;
			buildActionMask = 2147483647;
			files = (
				2FAB6C4A194ACCBC00617160 /* SystemConfiguration.framework in Frameworks */,
				2FAB6C48194ACCB200617160 /* StoreKit.framework in Frameworks */,
				2FAB6C46194ACCAC00617160 /* Security.framework in Frameworks */,
				2FAB6C44194ACCA400617160 /* QuartzCore.framework in Frameworks */,
				2FAB6C42194ACC9B00617160 /* MobileCoreServices.framework in Frameworks */,
				2FAB6C40194ACC9200617160 /* libz.dylib in Frameworks */,
				2FAB6C3E194ACC8800617160 /* CoreLocation.framework in Frameworks */,
				2FECA3F2194A03A600F0224C /* CoreGraphics.framework in Frameworks */,
				2FAB6C3C194ACC7600617160 /* CFNetwork.framework in Frameworks */,
				2FAB6C3A194ACC7100617160 /* AudioToolbox.framework in Frameworks */,
				2FECA42E194AA1D900F0224C /* CoreData.framework in Frameworks */,
				2FFB91E31957CC38005CF44F /* FacebookSDK.framework in Frameworks */,
				2FECA3F4194A03A600F0224C /* UIKit.framework in Frameworks */,
				2FECA3F0194A03A600F0224C /* Foundation.framework in Frameworks */,
				2FAB6C38194ACC3A00617160 /* Parse.framework in Frameworks */,
			);
			runOnlyForDeploymentPostprocessing = 0;
		};
		2FECA40D194A03A600F0224C /* Frameworks */ = {
			isa = PBXFrameworksBuildPhase;
			buildActionMask = 2147483647;
			files = (
				2FECA412194A03A600F0224C /* XCTest.framework in Frameworks */,
				2FECA414194A03A600F0224C /* UIKit.framework in Frameworks */,
				2FECA413194A03A600F0224C /* Foundation.framework in Frameworks */,
			);
			runOnlyForDeploymentPostprocessing = 0;
		};
/* End PBXFrameworksBuildPhase section */

/* Begin PBXGroup section */
		2FECA3E3194A03A600F0224C = {
			isa = PBXGroup;
			children = (
				2FECA3F5194A03A600F0224C /* GiftList */,
				2FECA417194A03A600F0224C /* GiftListTests */,
				2FECA3EE194A03A600F0224C /* Frameworks */,
				2FECA3ED194A03A600F0224C /* Products */,
			);
			sourceTree = "<group>";
		};
		2FECA3ED194A03A600F0224C /* Products */ = {
			isa = PBXGroup;
			children = (
				2FECA3EC194A03A600F0224C /* GiftList.app */,
				2FECA410194A03A600F0224C /* GiftListTests.xctest */,
			);
			name = Products;
			sourceTree = "<group>";
		};
		2FECA3EE194A03A600F0224C /* Frameworks */ = {
			isa = PBXGroup;
			children = (
				2FFB91E21957CC38005CF44F /* FacebookSDK.framework */,
				2FAB6C49194ACCBC00617160 /* SystemConfiguration.framework */,
				2FAB6C47194ACCB200617160 /* StoreKit.framework */,
				2FAB6C45194ACCAC00617160 /* Security.framework */,
				2FAB6C43194ACCA300617160 /* QuartzCore.framework */,
				2FAB6C41194ACC9B00617160 /* MobileCoreServices.framework */,
				2FAB6C3F194ACC9200617160 /* libz.dylib */,
				2FAB6C3D194ACC8800617160 /* CoreLocation.framework */,
				2FAB6C3B194ACC7600617160 /* CFNetwork.framework */,
				2FAB6C39194ACC7100617160 /* AudioToolbox.framework */,
				2FAB6C37194ACC3A00617160 /* Parse.framework */,
				2FECA42D194AA1D900F0224C /* CoreData.framework */,
				2FECA3EF194A03A600F0224C /* Foundation.framework */,
				2FECA3F1194A03A600F0224C /* CoreGraphics.framework */,
				2FECA3F3194A03A600F0224C /* UIKit.framework */,
				2FECA411194A03A600F0224C /* XCTest.framework */,
			);
			name = Frameworks;
			sourceTree = "<group>";
		};
		2FECA3F5194A03A600F0224C /* GiftList */ = {
			isa = PBXGroup;
			children = (
				2FECA3FE194A03A600F0224C /* GLAppDelegate.h */,
				2FECA3FF194A03A600F0224C /* GLAppDelegate.m */,
				2FECA401194A03A600F0224C /* Main.storyboard */,
				2FECA404194A03A600F0224C /* GLBrowseVC.h */,
				2FECA405194A03A600F0224C /* GLBrowseVC.m */,
				2FECA42A194A9ABE00F0224C /* GLTableViewController.h */,
				2FECA42B194A9ABE00F0224C /* GLTableViewController.m */,
				2FECA40A194A03A600F0224C /* Images.xcassets */,
				2FECA3F6194A03A600F0224C /* Supporting Files */,
				2FECA427194A97D600F0224C /* GLTableViewCell.h */,
				2FECA428194A97D600F0224C /* GLTableViewCell.m */,
				2FECA42F194AA2B700F0224C /* GLModel.xcdatamodeld */,
				2FECA485194AB9EF00F0224C /* GiftListItem+GL.h */,
				2FECA486194AB9EF00F0224C /* GiftListItem+GL.m */,
				2FAB6C4E194ADA6C00617160 /* GiftListItem.h */,
				2FAB6C4F194ADA6C00617160 /* GiftListItem.m */,
				2FFB91E41957CFB8005CF44F /* GLLoginViewController.h */,
				2FFB91E51957CFB8005CF44F /* GLLoginViewController.m */,
			);
			path = GiftList;
			sourceTree = "<group>";
		};
		2FECA3F6194A03A600F0224C /* Supporting Files */ = {
			isa = PBXGroup;
			children = (
				2FECA3F7194A03A600F0224C /* GiftList-Info.plist */,
				2FECA3F8194A03A600F0224C /* InfoPlist.strings */,
				2FECA3FB194A03A600F0224C /* main.m */,
				2FECA3FD194A03A600F0224C /* GiftList-Prefix.pch */,
			);
			name = "Supporting Files";
			sourceTree = "<group>";
		};
		2FECA417194A03A600F0224C /* GiftListTests */ = {
			isa = PBXGroup;
			children = (
				2FECA41D194A03A600F0224C /* GiftListTests.m */,
				2FECA418194A03A600F0224C /* Supporting Files */,
			);
			path = GiftListTests;
			sourceTree = "<group>";
		};
		2FECA418194A03A600F0224C /* Supporting Files */ = {
			isa = PBXGroup;
			children = (
				2FECA419194A03A600F0224C /* GiftListTests-Info.plist */,
				2FECA41A194A03A600F0224C /* InfoPlist.strings */,
			);
			name = "Supporting Files";
			sourceTree = "<group>";
		};
/* End PBXGroup section */

/* Begin PBXNativeTarget section */
		2FECA3EB194A03A600F0224C /* GiftList */ = {
			isa = PBXNativeTarget;
			buildConfigurationList = 2FECA421194A03A600F0224C /* Build configuration list for PBXNativeTarget "GiftList" */;
			buildPhases = (
				2FECA3E8194A03A600F0224C /* Sources */,
				2FECA3E9194A03A600F0224C /* Frameworks */,
				2FECA3EA194A03A600F0224C /* Resources */,
			);
			buildRules = (
			);
			dependencies = (
			);
			name = GiftList;
			productName = GiftList;
			productReference = 2FECA3EC194A03A600F0224C /* GiftList.app */;
			productType = "com.apple.product-type.application";
		};
		2FECA40F194A03A600F0224C /* GiftListTests */ = {
			isa = PBXNativeTarget;
			buildConfigurationList = 2FECA424194A03A600F0224C /* Build configuration list for PBXNativeTarget "GiftListTests" */;
			buildPhases = (
				2FECA40C194A03A600F0224C /* Sources */,
				2FECA40D194A03A600F0224C /* Frameworks */,
				2FECA40E194A03A600F0224C /* Resources */,
			);
			buildRules = (
			);
			dependencies = (
				2FECA416194A03A600F0224C /* PBXTargetDependency */,
			);
			name = GiftListTests;
			productName = GiftListTests;
			productReference = 2FECA410194A03A600F0224C /* GiftListTests.xctest */;
			productType = "com.apple.product-type.bundle.unit-test";
		};
/* End PBXNativeTarget section */

/* Begin PBXProject section */
		2FECA3E4194A03A600F0224C /* Project object */ = {
			isa = PBXProject;
			attributes = {
				CLASSPREFIX = GL;
				LastUpgradeCheck = 0510;
				ORGANIZATIONNAME = "Gregory Lee";
				TargetAttributes = {
					2FECA40F194A03A600F0224C = {
						TestTargetID = 2FECA3EB194A03A600F0224C;
					};
				};
			};
			buildConfigurationList = 2FECA3E7194A03A600F0224C /* Build configuration list for PBXProject "GiftList" */;
			compatibilityVersion = "Xcode 3.2";
			developmentRegion = English;
			hasScannedForEncodings = 0;
			knownRegions = (
				en,
				Base,
			);
			mainGroup = 2FECA3E3194A03A600F0224C;
			productRefGroup = 2FECA3ED194A03A600F0224C /* Products */;
			projectDirPath = "";
			projectRoot = "";
			targets = (
				2FECA3EB194A03A600F0224C /* GiftList */,
				2FECA40F194A03A600F0224C /* GiftListTests */,
			);
		};
/* End PBXProject section */

/* Begin PBXResourcesBuildPhase section */
		2FECA3EA194A03A600F0224C /* Resources */ = {
			isa = PBXResourcesBuildPhase;
			buildActionMask = 2147483647;
			files = (
				2FECA40B194A03A600F0224C /* Images.xcassets in Resources */,
				2FECA3FA194A03A600F0224C /* InfoPlist.strings in Resources */,
				2FECA403194A03A600F0224C /* Main.storyboard in Resources */,
			);
			runOnlyForDeploymentPostprocessing = 0;
		};
		2FECA40E194A03A600F0224C /* Resources */ = {
			isa = PBXResourcesBuildPhase;
			buildActionMask = 2147483647;
			files = (
				2FECA41C194A03A600F0224C /* InfoPlist.strings in Resources */,
			);
			runOnlyForDeploymentPostprocessing = 0;
		};
/* End PBXResourcesBuildPhase section */

/* Begin PBXSourcesBuildPhase section */
		2FECA3E8194A03A600F0224C /* Sources */ = {
			isa = PBXSourcesBuildPhase;
			buildActionMask = 2147483647;
			files = (
				2FECA487194AB9EF00F0224C /* GiftListItem+GL.m in Sources */,
				2FECA431194AA2B700F0224C /* GLModel.xcdatamodeld in Sources */,
				2FECA42C194A9ABE00F0224C /* GLTableViewController.m in Sources */,
				2FECA3FC194A03A600F0224C /* main.m in Sources */,
				2FECA429194A97D600F0224C /* GLTableViewCell.m in Sources */,
				2FECA400194A03A600F0224C /* GLAppDelegate.m in Sources */,
				2FFB91E61957CFB8005CF44F /* GLLoginViewController.m in Sources */,
				2FAB6C50194ADA6C00617160 /* GiftListItem.m in Sources */,
				2FECA406194A03A600F0224C /* GLBrowseVC.m in Sources */,
			);
			runOnlyForDeploymentPostprocessing = 0;
		};
		2FECA40C194A03A600F0224C /* Sources */ = {
			isa = PBXSourcesBuildPhase;
			buildActionMask = 2147483647;
			files = (
				2FECA41E194A03A600F0224C /* GiftListTests.m in Sources */,
			);
			runOnlyForDeploymentPostprocessing = 0;
		};
/* End PBXSourcesBuildPhase section */

/* Begin PBXTargetDependency section */
		2FECA416194A03A600F0224C /* PBXTargetDependency */ = {
			isa = PBXTargetDependency;
			target = 2FECA3EB194A03A600F0224C /* GiftList */;
			targetProxy = 2FECA415194A03A600F0224C /* PBXContainerItemProxy */;
		};
/* End PBXTargetDependency section */

/* Begin PBXVariantGroup section */
		2FECA3F8194A03A600F0224C /* InfoPlist.strings */ = {
			isa = PBXVariantGroup;
			children = (
				2FECA3F9194A03A600F0224C /* en */,
			);
			name = InfoPlist.strings;
			sourceTree = "<group>";
		};
		2FECA401194A03A600F0224C /* Main.storyboard */ = {
			isa = PBXVariantGroup;
			children = (
				2FECA402194A03A600F0224C /* Base */,
			);
			name = Main.storyboard;
			sourceTree = "<group>";
		};
		2FECA41A194A03A600F0224C /* InfoPlist.strings */ = {
			isa = PBXVariantGroup;
			children = (
				2FECA41B194A03A600F0224C /* en */,
			);
			name = InfoPlist.strings;
			sourceTree = "<group>";
		};
/* End PBXVariantGroup section */

/* Begin XCBuildConfiguration section */
		2FECA41F194A03A600F0224C /* Debug */ = {
			isa = XCBuildConfiguration;
			buildSettings = {
				ALWAYS_SEARCH_USER_PATHS = NO;
				CLANG_CXX_LANGUAGE_STANDARD = "gnu++0x";
				CLANG_CXX_LIBRARY = "libc++";
				CLANG_ENABLE_MODULES = YES;
				CLANG_ENABLE_OBJC_ARC = YES;
				CLANG_WARN_BOOL_CONVERSION = YES;
				CLANG_WARN_CONSTANT_CONVERSION = YES;
				CLANG_WARN_DIRECT_OBJC_ISA_USAGE = YES_ERROR;
				CLANG_WARN_EMPTY_BODY = YES;
				CLANG_WARN_ENUM_CONVERSION = YES;
				CLANG_WARN_INT_CONVERSION = YES;
				CLANG_WARN_OBJC_ROOT_CLASS = YES_ERROR;
				CLANG_WARN__DUPLICATE_METHOD_MATCH = YES;
				"CODE_SIGN_IDENTITY[sdk=iphoneos*]" = "iPhone Developer: Gregory Lee (8G3M422BMR)";
				COPY_PHASE_STRIP = NO;
				GCC_C_LANGUAGE_STANDARD = gnu99;
				GCC_DYNAMIC_NO_PIC = NO;
				GCC_OPTIMIZATION_LEVEL = 0;
				GCC_PREPROCESSOR_DEFINITIONS = (
					"DEBUG=1",
					"$(inherited)",
				);
				GCC_SYMBOLS_PRIVATE_EXTERN = NO;
				GCC_WARN_64_TO_32_BIT_CONVERSION = YES;
				GCC_WARN_ABOUT_RETURN_TYPE = YES_ERROR;
				GCC_WARN_UNDECLARED_SELECTOR = YES;
				GCC_WARN_UNINITIALIZED_AUTOS = YES_AGGRESSIVE;
				GCC_WARN_UNUSED_FUNCTION = YES;
				GCC_WARN_UNUSED_VARIABLE = YES;
				IPHONEOS_DEPLOYMENT_TARGET = 7.1;
				ONLY_ACTIVE_ARCH = YES;
				SDKROOT = iphoneos;
			};
			name = Debug;
		};
		2FECA420194A03A600F0224C /* Release */ = {
			isa = XCBuildConfiguration;
			buildSettings = {
				ALWAYS_SEARCH_USER_PATHS = NO;
				CLANG_CXX_LANGUAGE_STANDARD = "gnu++0x";
				CLANG_CXX_LIBRARY = "libc++";
				CLANG_ENABLE_MODULES = YES;
				CLANG_ENABLE_OBJC_ARC = YES;
				CLANG_WARN_BOOL_CONVERSION = YES;
				CLANG_WARN_CONSTANT_CONVERSION = YES;
				CLANG_WARN_DIRECT_OBJC_ISA_USAGE = YES_ERROR;
				CLANG_WARN_EMPTY_BODY = YES;
				CLANG_WARN_ENUM_CONVERSION = YES;
				CLANG_WARN_INT_CONVERSION = YES;
				CLANG_WARN_OBJC_ROOT_CLASS = YES_ERROR;
				CLANG_WARN__DUPLICATE_METHOD_MATCH = YES;
				"CODE_SIGN_IDENTITY[sdk=iphoneos*]" = "iPhone Distribution: Gregory Lee (CGGM2TJZ65)";
				COPY_PHASE_STRIP = YES;
				ENABLE_NS_ASSERTIONS = NO;
				GCC_C_LANGUAGE_STANDARD = gnu99;
				GCC_WARN_64_TO_32_BIT_CONVERSION = YES;
				GCC_WARN_ABOUT_RETURN_TYPE = YES_ERROR;
				GCC_WARN_UNDECLARED_SELECTOR = YES;
				GCC_WARN_UNINITIALIZED_AUTOS = YES_AGGRESSIVE;
				GCC_WARN_UNUSED_FUNCTION = YES;
				GCC_WARN_UNUSED_VARIABLE = YES;
				IPHONEOS_DEPLOYMENT_TARGET = 7.1;
				SDKROOT = iphoneos;
				VALIDATE_PRODUCT = YES;
			};
			name = Release;
		};
		2FECA422194A03A600F0224C /* Debug */ = {
			isa = XCBuildConfiguration;
			buildSettings = {
				ASSETCATALOG_COMPILER_APPICON_NAME = AppIcon;
				ASSETCATALOG_COMPILER_LAUNCHIMAGE_NAME = LaunchImage;
				"CODE_SIGN_IDENTITY[sdk=iphoneos*]" = "iPhone Developer: Gregory Lee (8G3M422BMR)";
				FRAMEWORK_SEARCH_PATHS = (
					"$(inherited)",
					"$(PROJECT_DIR)",
					/Users/gregorylee/Documents/FacebookSDK,
				);
				GCC_PRECOMPILE_PREFIX_HEADER = YES;
				GCC_PREFIX_HEADER = "GiftList/GiftList-Prefix.pch";
				INFOPLIST_FILE = "GiftList/GiftList-Info.plist";
				IPHONEOS_DEPLOYMENT_TARGET = 7.0;
				PRODUCT_NAME = "$(TARGET_NAME)";
				TARGETED_DEVICE_FAMILY = 1;
				WRAPPER_EXTENSION = app;
			};
			name = Debug;
		};
		2FECA423194A03A600F0224C /* Release */ = {
			isa = XCBuildConfiguration;
			buildSettings = {
				ASSETCATALOG_COMPILER_APPICON_NAME = AppIcon;
				ASSETCATALOG_COMPILER_LAUNCHIMAGE_NAME = LaunchImage;
				"CODE_SIGN_IDENTITY[sdk=iphoneos*]" = "iPhone Distribution: Gregory Lee (CGGM2TJZ65)";
				FRAMEWORK_SEARCH_PATHS = (
					"$(inherited)",
					"$(PROJECT_DIR)",
					/Users/gregorylee/Documents/FacebookSDK,
				);
				GCC_PRECOMPILE_PREFIX_HEADER = YES;
				GCC_PREFIX_HEADER = "GiftList/GiftList-Prefix.pch";
				INFOPLIST_FILE = "GiftList/GiftList-Info.plist";
				IPHONEOS_DEPLOYMENT_TARGET = 7.0;
				PRODUCT_NAME = "$(TARGET_NAME)";
				TARGETED_DEVICE_FAMILY = 1;
				WRAPPER_EXTENSION = app;
			};
			name = Release;
		};
		2FECA425194A03A600F0224C /* Debug */ = {
			isa = XCBuildConfiguration;
			buildSettings = {
				BUNDLE_LOADER = "$(BUILT_PRODUCTS_DIR)/GiftList.app/GiftList";
				FRAMEWORK_SEARCH_PATHS = (
					"$(SDKROOT)/Developer/Library/Frameworks",
					"$(inherited)",
					"$(DEVELOPER_FRAMEWORKS_DIR)",
				);
				GCC_PRECOMPILE_PREFIX_HEADER = YES;
				GCC_PREFIX_HEADER = "GiftList/GiftList-Prefix.pch";
				GCC_PREPROCESSOR_DEFINITIONS = (
					"DEBUG=1",
					"$(inherited)",
				);
				INFOPLIST_FILE = "GiftListTests/GiftListTests-Info.plist";
				PRODUCT_NAME = "$(TARGET_NAME)";
				TEST_HOST = "$(BUNDLE_LOADER)";
				WRAPPER_EXTENSION = xctest;
			};
			name = Debug;
		};
		2FECA426194A03A600F0224C /* Release */ = {
			isa = XCBuildConfiguration;
			buildSettings = {
				BUNDLE_LOADER = "$(BUILT_PRODUCTS_DIR)/GiftList.app/GiftList";
				FRAMEWORK_SEARCH_PATHS = (
					"$(SDKROOT)/Developer/Library/Frameworks",
					"$(inherited)",
					"$(DEVELOPER_FRAMEWORKS_DIR)",
				);
				GCC_PRECOMPILE_PREFIX_HEADER = YES;
				GCC_PREFIX_HEADER = "GiftList/GiftList-Prefix.pch";
				INFOPLIST_FILE = "GiftListTests/GiftListTests-Info.plist";
				PRODUCT_NAME = "$(TARGET_NAME)";
				TEST_HOST = "$(BUNDLE_LOADER)";
				WRAPPER_EXTENSION = xctest;
			};
			name = Release;
		};
/* End XCBuildConfiguration section */

/* Begin XCConfigurationList section */
		2FECA3E7194A03A600F0224C /* Build configuration list for PBXProject "GiftList" */ = {
			isa = XCConfigurationList;
			buildConfigurations = (
				2FECA41F194A03A600F0224C /* Debug */,
				2FECA420194A03A600F0224C /* Release */,
			);
			defaultConfigurationIsVisible = 0;
			defaultConfigurationName = Release;
		};
		2FECA421194A03A600F0224C /* Build configuration list for PBXNativeTarget "GiftList" */ = {
			isa = XCConfigurationList;
			buildConfigurations = (
				2FECA422194A03A600F0224C /* Debug */,
				2FECA423194A03A600F0224C /* Release */,
			);
			defaultConfigurationIsVisible = 0;
			defaultConfigurationName = Release;
		};
		2FECA424194A03A600F0224C /* Build configuration list for PBXNativeTarget "GiftListTests" */ = {
			isa = XCConfigurationList;
			buildConfigurations = (
				2FECA425194A03A600F0224C /* Debug */,
				2FECA426194A03A600F0224C /* Release */,
			);
			defaultConfigurationIsVisible = 0;
			defaultConfigurationName = Release;
		};
/* End XCConfigurationList section */

/* Begin XCVersionGroup section */
		2FECA42F194AA2B700F0224C /* GLModel.xcdatamodeld */ = {
			isa = XCVersionGroup;
			children = (
				2FECA430194AA2B700F0224C /* GLModel.xcdatamodel */,
			);
			currentVersion = 2FECA430194AA2B700F0224C /* GLModel.xcdatamodel */;
			path = GLModel.xcdatamodeld;
			sourceTree = "<group>";
			versionGroupType = wrapper.xcdatamodel;
		};
/* End XCVersionGroup section */
	};
	rootObject = 2FECA3E4194A03A600F0224C /* Project object */;
}
